
Microsoft Visual Studio Solution File, Format Version 12.00
# Visual Studio 14
VisualStudioVersion = 14.0.25123.0
MinimumVisualStudioVersion = 10.0.40219.1
Project("{2150E333-8FDC-42A3-9474-1A3956D46DE8}") = "src", "src", "{447E3721-BC28-47BA-BD1D-0E10A15417E0}"
EndProject
Project("{2150E333-8FDC-42A3-9474-1A3956D46DE8}") = "Solution Items", "Solution Items", "{8691E437-872D-4FA7-A9DC-C820988428CA}"
	ProjectSection(SolutionItems) = preProject
		global.json = global.json
	EndProjectSection
EndProject
Project("{2150E333-8FDC-42A3-9474-1A3956D46DE8}") = "test", "test", "{BA239A25-47BB-4B9D-B5A6-02761FD553CF}"
EndProject
Project("{FAE04EC0-301F-11D3-BF4B-00C04F79EFBC}") = "SampleBioinformatics.Web", "SampleBioinformatics.Web\SampleBioinformatics.Web.csproj", "{0F718D00-6B93-4F4C-A709-B6C2A1FD6BF1}"
EndProject
Project("{FAE04EC0-301F-11D3-BF4B-00C04F79EFBC}") = "SampleBioinformatics.UnitTests", "SampleBioinformatics.UnitTests\SampleBioinformatics.UnitTests.csproj", "{A7432C2D-043B-43F2-BE5B-0E95CE49DC29}"
EndProject
Project("{2150E333-8FDC-42A3-9474-1A3956D46DE8}") = "unit", "unit", "{1C0F701E-F366-4AEF-BEAB-53CF03CA2D3F}"
EndProject
Project("{2150E333-8FDC-42A3-9474-1A3956D46DE8}") = "integration", "integration", "{531A6ED7-EB57-41EE-B70D-77E0094966E9}"
EndProject
Project("{FAE04EC0-301F-11D3-BF4B-00C04F79EFBC}") = "SampleBioinformatics.IntegrationTests", "SampleBioinformatics.IntegrationTests\SampleBioinformatics.IntegrationTests.csproj", "{97973F42-398F-45B3-B425-6C671D6692E7}"
EndProject
Project("{FAE04EC0-301F-11D3-BF4B-00C04F79EFBC}") = "SampleBioinformatics.Interface", "SampleBioinformatics.Interface\SampleBioinformatics.Interface.csproj", "{FD9B92B6-F7AF-4A11-A6E1-D3A17DD76471}"
EndProject
Project("{FAE04EC0-301F-11D3-BF4B-00C04F79EFBC}") = "SampleBioinformatics.BusinessLogic", "SampleBioinformatics.BusinessLogic\SampleBioinformatics.BusinessLogic.csproj", "{B466618B-827B-46D7-8E08-51B0D87CC39F}"
EndProject
Global
	GlobalSection(SolutionConfigurationPlatforms) = preSolution
		Debug|Any CPU = Debug|Any CPU
		Release|Any CPU = Release|Any CPU
	EndGlobalSection
	GlobalSection(ProjectConfigurationPlatforms) = postSolution
		{0F718D00-6B93-4F4C-A709-B6C2A1FD6BF1}.Debug|Any CPU.ActiveCfg = Debug|Any CPU
		{0F718D00-6B93-4F4C-A709-B6C2A1FD6BF1}.Debug|Any CPU.Build.0 = Debug|Any CPU
		{0F718D00-6B93-4F4C-A709-B6C2A1FD6BF1}.Release|Any CPU.ActiveCfg = Release|Any CPU
		{0F718D00-6B93-4F4C-A709-B6C2A1FD6BF1}.Release|Any CPU.Build.0 = Release|Any CPU
		{A7432C2D-043B-43F2-BE5B-0E95CE49DC29}.Debug|Any CPU.ActiveCfg = Debug|Any CPU
		{A7432C2D-043B-43F2-BE5B-0E95CE49DC29}.Debug|Any CPU.Build.0 = Debug|Any CPU
		{A7432C2D-043B-43F2-BE5B-0E95CE49DC29}.Release|Any CPU.ActiveCfg = Release|Any CPU
		{A7432C2D-043B-43F2-BE5B-0E95CE49DC29}.Release|Any CPU.Build.0 = Release|Any CPU
		{97973F42-398F-45B3-B425-6C671D6692E7}.Debug|Any CPU.ActiveCfg = Debug|Any CPU
		{97973F42-398F-45B3-B425-6C671D6692E7}.Debug|Any CPU.Build.0 = Debug|Any CPU
		{97973F42-398F-45B3-B425-6C671D6692E7}.Release|Any CPU.ActiveCfg = Release|Any CPU
		{97973F42-398F-45B3-B425-6C671D6692E7}.Release|Any CPU.Build.0 = Release|Any CPU
		{FD9B92B6-F7AF-4A11-A6E1-D3A17DD76471}.Debug|Any CPU.ActiveCfg = Debug|Any CPU
		{FD9B92B6-F7AF-4A11-A6E1-D3A17DD76471}.Debug|Any CPU.Build.0 = Debug|Any CPU
		{FD9B92B6-F7AF-4A11-A6E1-D3A17DD76471}.Release|Any CPU.ActiveCfg = Release|Any CPU
		{FD9B92B6-F7AF-4A11-A6E1-D3A17DD76471}.Release|Any CPU.Build.0 = Release|Any CPU
		{B466618B-827B-46D7-8E08-51B0D87CC39F}.Debug|Any CPU.ActiveCfg = Debug|Any CPU
		{B466618B-827B-46D7-8E08-51B0D87CC39F}.Debug|Any CPU.Build.0 = Debug|Any CPU
		{B466618B-827B-46D7-8E08-51B0D87CC39F}.Release|Any CPU.ActiveCfg = Release|Any CPU
		{B466618B-827B-46D7-8E08-51B0D87CC39F}.Release|Any CPU.Build.0 = Release|Any CPU
	EndGlobalSection
	GlobalSection(SolutionProperties) = preSolution
		HideSolutionNode = FALSE
	EndGlobalSection
	GlobalSection(NestedProjects) = preSolution
		{0F718D00-6B93-4F4C-A709-B6C2A1FD6BF1} = {447E3721-BC28-47BA-BD1D-0E10A15417E0}
		{A7432C2D-043B-43F2-BE5B-0E95CE49DC29} = {1C0F701E-F366-4AEF-BEAB-53CF03CA2D3F}
		{1C0F701E-F366-4AEF-BEAB-53CF03CA2D3F} = {BA239A25-47BB-4B9D-B5A6-02761FD553CF}
		{531A6ED7-EB57-41EE-B70D-77E0094966E9} = {BA239A25-47BB-4B9D-B5A6-02761FD553CF}
		{97973F42-398F-45B3-B425-6C671D6692E7} = {531A6ED7-EB57-41EE-B70D-77E0094966E9}
		{FD9B92B6-F7AF-4A11-A6E1-D3A17DD76471} = {447E3721-BC28-47BA-BD1D-0E10A15417E0}
		{B466618B-827B-46D7-8E08-51B0D87CC39F} = {447E3721-BC28-47BA-BD1D-0E10A15417E0}
	EndGlobalSection
EndGlobal
